<?xml version="1.0" encoding="utf-8"?>
<Project ToolsVersion="4.0" xmlns="http://schemas.microsoft.com/developer/msbuild/2003">
  <ItemGroup>
    <Filter Include="Source Files">
      <UniqueIdentifier>{4FC737F1-C7A5-4376-A066-2A32D752A2FF}</UniqueIdentifier>
      <Extensions>cpp;c;cc;cxx;def;odl;idl;hpj;bat;asm;asmx</Extensions>
    </Filter>
    <Filter Include="Header Files">
      <UniqueIdentifier>{93995380-89BD-4b04-88EB-625FBE52EBFB}</UniqueIdentifier>
      <Extensions>h;hpp;hxx;hm;inl;inc;xsd</Extensions>
    </Filter>
    <Filter Include="Resource Files">
      <UniqueIdentifier>{67DA6AB6-F800-4c08-8B7A-83BB121AAD01}</UniqueIdentifier>
      <Extensions>rc;ico;cur;bmp;dlg;rc2;rct;bin;rgs;gif;jpg;jpeg;jpe;resx;tiff;tif;png;wav;mfcribbon-ms</Extensions>
    </Filter>
    <Filter Include="Driver Files">
      <UniqueIdentifier>{8E41214B-6785-4CFE-B992-037D68949A14}</UniqueIdentifier>
      <Extensions>inf;inv;inx;mof;mc;</Extensions>
    </Filter>
    <Filter Include="Header Files\Disk">
      <UniqueIdentifier>{ca966550-e96a-4eaf-9613-e028c1aedf55}</UniqueIdentifier>
    </Filter>
    <Filter Include="Header Files\Gpu">
      <UniqueIdentifier>{5f3f82a3-fdca-4614-9756-d1c434c36e8e}</UniqueIdentifier>
    </Filter>
    <Filter Include="Header Files\Nic">
      <UniqueIdentifier>{15af853e-5e22-4568-adc0-ff5378821760}</UniqueIdentifier>
    </Filter>
    <Filter Include="Header Files\Baseboard">
      <UniqueIdentifier>{59f67dad-37b1-401c-8a93-a30ee8c95e8e}</UniqueIdentifier>
    </Filter>
  </ItemGroup>
  <ItemGroup>
    <ClInclude Include="backend\protection\callstack.h">
      <Filter>Header Files</Filter>
    </ClInclude>
    <ClInclude Include="backend\protection\oxorany\oxorany.h">
      <Filter>Header Files</Filter>
    </ClInclude>
    <ClInclude Include="backend\protection\oxorany\oxorany_include.h">
      <Filter>Header Files</Filter>
    </ClInclude>
    <ClInclude Include="backend\functions\functions.h">
      <Filter>Header Files</Filter>
    </ClInclude>
    <ClInclude Include="backend\functions\pages\pages.h">
      <Filter>Header Files</Filter>
    </ClInclude>
    <ClInclude Include="backend\functions\pages\ia32\ia32.h">
      <Filter>Header Files</Filter>
    </ClInclude>
    <ClInclude Include="backend\functions\pages\ia32\definitions\definitions.h">
      <Filter>Header Files</Filter>
    </ClInclude>
    <ClInclude Include="backend\spoofing\arp\arp.h">
      <Filter>Header Files</Filter>
    </ClInclude>
    <ClInclude Include="backend\spoofing\disk\disk.h">
      <Filter>Header Files</Filter>
    </ClInclude>
    <ClInclude Include="backend\spoofing\disk\serial db\database.h">
      <Filter>Header Files</Filter>
    </ClInclude>
    <ClInclude Include="backend\spoofing\smbios\base_board.h">
      <Filter>Header Files</Filter>
    </ClInclude>
    <ClInclude Include="backend\spoofing\smbios\table_defines.h">
      <Filter>Header Files</Filter>
    </ClInclude>
    <ClInclude Include="backend\spoofing\arp\nic\nic.h">
      <Filter>Header Files</Filter>
    </ClInclude>
    <ClInclude Include="backend\spoofing\gpu\gpu.h">
      <Filter>Header Files</Filter>
    </ClInclude>
    <ClInclude Include="backend\hde64\table\table64.h">
      <Filter>Header Files</Filter>
    </ClInclude>
    <ClInclude Include="backend\hde64\hde64.h">
      <Filter>Header Files</Filter>
    </ClInclude>
    <ClInclude Include="tpm\tpm12.h">
      <Filter>Header Files</Filter>
    </ClInclude>
    <ClInclude Include="tpm\tpm20.h">
      <Filter>Header Files</Filter>
    </ClInclude>
    <ClInclude Include="main\start\point.h">
      <Filter>Header Files</Filter>
    </ClInclude>
    <ClInclude Include="oxygen-pdb\oxygen.h">
      <Filter>Header Files</Filter>
    </ClInclude>
    <ClInclude Include="backend\hyperv\visor\visor.h">
      <Filter>Header Files</Filter>
    </ClInclude>
    <ClInclude Include="backend\functions\usb\usb.h">
      <Filter>Header Files</Filter>
    </ClInclude>
    <ClInclude Include="arpentries.h">
      <Filter>Header Files</Filter>
    </ClInclude>
  </ItemGroup>
  <ItemGroup>
    <ClCompile Include="main\main.cpp">
      <Filter>Source Files</Filter>
    </ClCompile>
    <ClCompile Include="backend\protection\oxorany\oxorany.cpp">
      <Filter>Source Files</Filter>
    </ClCompile>
    <ClCompile Include="backend\hde64\hde64.cpp">
      <Filter>Source Files</Filter>
    </ClCompile>
    <ClCompile Include="backend\hyperv\visor\visor.cpp">
      <Filter>Source Files</Filter>
    </ClCompile>
  </ItemGroup>
  <ItemGroup>
    <Library Include="oxygen-pdb\oxygenpdb.lib" />
  </ItemGroup>
</Project>